
Microsoft Visual Studio Solution File, Format Version 12.00
# Visual Studio Version 17
VisualStudioVersion = 17.9.34728.123
MinimumVisualStudioVersion = 10.0.40219.1
Project("{FAE04EC0-301F-11D3-BF4B-00C04F79EFBC}") = "Classic Snakes Game", "Classic Snakes Game\Classic Snakes Game.csproj", "{BB31A9B2-A5DE-474A-A46D-467FDDE60EA5}"
EndProject
Global
	GlobalSection(SolutionConfigurationPlatforms) = preSolution
		Debug|Any CPU = Debug|Any CPU
		Release|Any CPU = Release|Any CPU
	EndGlobalSection
	GlobalSection(ProjectConfigurationPlatforms) = postSolution
		{BB31A9B2-A5DE-474A-A46D-467FDDE60EA5}.Debug|Any CPU.ActiveCfg = Debug|Any CPU
		{BB31A9B2-A5DE-474A-A46D-467FDDE60EA5}.Debug|Any CPU.Build.0 = Debug|Any CPU
		{BB31A9B2-A5DE-474A-A46D-467FDDE60EA5}.Release|Any CPU.ActiveCfg = Release|Any CPU
		{BB31A9B2-A5DE-474A-A46D-467FDDE60EA5}.Release|Any CPU.Build.0 = Release|Any CPU
	EndGlobalSection
	GlobalSection(SolutionProperties) = preSolution
		HideSolutionNode = FALSE
	EndGlobalSection
	GlobalSection(ExtensibilityGlobals) = postSolution
		SolutionGuid = {DA3A0F1A-5E08-4FDC-BC27-F7FB324120A1}
	EndGlobalSection
EndGlobal
